
Microsoft Visual Studio Solution File, Format Version 12.00
# Visual Studio Version 17
VisualStudioVersion = 17.13.36105.23 d17.13
MinimumVisualStudioVersion = 10.0.40219.1
Project("{FAE04EC0-301F-11D3-BF4B-00C04F79EFBC}") = "Pet Simulatorsss", "Pet Simulatorsss.csproj", "{6F9B0B71-7AA0-43C0-A599-B93DAA76836B}"
EndProject
Global
	GlobalSection(SolutionConfigurationPlatforms) = preSolution
		Debug|Any CPU = Debug|Any CPU
		Release|Any CPU = Release|Any CPU
	EndGlobalSection
	GlobalSection(ProjectConfigurationPlatforms) = postSolution
		{6F9B0B71-7AA0-43C0-A599-B93DAA76836B}.Debug|Any CPU.ActiveCfg = Debug|Any CPU
		{6F9B0B71-7AA0-43C0-A599-B93DAA76836B}.Debug|Any CPU.Build.0 = Debug|Any CPU
		{6F9B0B71-7AA0-43C0-A599-B93DAA76836B}.Release|Any CPU.ActiveCfg = Release|Any CPU
		{6F9B0B71-7AA0-43C0-A599-B93DAA76836B}.Release|Any CPU.Build.0 = Release|Any CPU
	EndGlobalSection
	GlobalSection(SolutionProperties) = preSolution
		HideSolutionNode = FALSE
	EndGlobalSection
	GlobalSection(ExtensibilityGlobals) = postSolution
		SolutionGuid = {96491156-D7A0-4364-998D-777ED91E2635}
	EndGlobalSection
EndGlobal
